
Microsoft Visual Studio Solution File, Format Version 12.00
# Visual Studio 14
VisualStudioVersion = 14.0.25420.1
MinimumVisualStudioVersion = 10.0.40219.1
Project("{FAE04EC0-301F-11D3-BF4B-00C04F79EFBC}") = "Games.With.AppDomains", "Games.With.AppDomains\Games.With.AppDomains.csproj", "{3FE70E43-D7C4-4E0E-A9A9-FABA9903420F}"
EndProject
Project("{FAE04EC0-301F-11D3-BF4B-00C04F79EFBC}") = "Games.With.AppDomains.Web", "Games.With.AppDomains.Web\Games.With.AppDomains.Web.csproj", "{97D8900A-9320-488A-A1BC-34C14D0EA124}"
EndProject
Global
	GlobalSection(SolutionConfigurationPlatforms) = preSolution
		Debug|Any CPU = Debug|Any CPU
		Release|Any CPU = Release|Any CPU
	EndGlobalSection
	GlobalSection(ProjectConfigurationPlatforms) = postSolution
		{3FE70E43-D7C4-4E0E-A9A9-FABA9903420F}.Debug|Any CPU.ActiveCfg = Debug|Any CPU
		{3FE70E43-D7C4-4E0E-A9A9-FABA9903420F}.Debug|Any CPU.Build.0 = Debug|Any CPU
		{3FE70E43-D7C4-4E0E-A9A9-FABA9903420F}.Release|Any CPU.ActiveCfg = Release|Any CPU
		{3FE70E43-D7C4-4E0E-A9A9-FABA9903420F}.Release|Any CPU.Build.0 = Release|Any CPU
		{97D8900A-9320-488A-A1BC-34C14D0EA124}.Debug|Any CPU.ActiveCfg = Debug|Any CPU
		{97D8900A-9320-488A-A1BC-34C14D0EA124}.Debug|Any CPU.Build.0 = Debug|Any CPU
		{97D8900A-9320-488A-A1BC-34C14D0EA124}.Release|Any CPU.ActiveCfg = Release|Any CPU
		{97D8900A-9320-488A-A1BC-34C14D0EA124}.Release|Any CPU.Build.0 = Release|Any CPU
	EndGlobalSection
	GlobalSection(SolutionProperties) = preSolution
		HideSolutionNode = FALSE
	EndGlobalSection
EndGlobal
